<?xml version="1.0" encoding="utf-8"?>
<Project ToolsVersion="4.0" xmlns="http://schemas.microsoft.com/developer/msbuild/2003">
  <ItemGroup>
    <ClCompile Include="Main.cpp" />
    <ClCompile Include="Browser\Browser.cpp">
      <Filter>Main</Filter>
    </ClCompile>
    <ClCompile Include="Renderer\Renderer.cpp">
      <Filter>Main</Filter>
    </ClCompile>
    <ClCompile Include="Browser\Handler.cpp">
      <Filter>Browser</Filter>
    </ClCompile>
    <ClCompile Include="Scheme\SchemeHandler.cpp">
      <Filter>Scheme</Filter>
    </ClCompile>
  </ItemGroup>
  <ItemGroup>
    <Filter Include="Main">
      <UniqueIdentifier>{a593f96d-a4e3-4c9e-9282-0ec5988e3a68}</UniqueIdentifier>
    </Filter>
    <Filter Include="Browser">
      <UniqueIdentifier>{e813deff-9eb4-44da-afd0-5aeeb4f5c49b}</UniqueIdentifier>
    </Filter>
    <Filter Include="Scheme">
      <UniqueIdentifier>{473b5fb6-780a-4325-8bdc-c4ef7e62ac86}</UniqueIdentifier>
    </Filter>
  </ItemGroup>
  <ItemGroup>
    <ClInclude Include="Browser\Browser.h">
      <Filter>Main</Filter>
    </ClInclude>
    <ClInclude Include="Other\Other.h">
      <Filter>Main</Filter>
    </ClInclude>
    <ClInclude Include="Renderer\Renderer.h">
      <Filter>Main</Filter>
    </ClInclude>
    <ClInclude Include="Browser\WindowDelegate.h">
      <Filter>Browser</Filter>
    </ClInclude>
    <ClInclude Include="Browser\ViewDelegate.h">
      <Filter>Browser</Filter>
    </ClInclude>
    <ClInclude Include="Browser\Handler.h">
      <Filter>Browser</Filter>
    </ClInclude>
    <ClInclude Include="Scheme\SchemeHandler.h">
      <Filter>Scheme</Filter>
    </ClInclude>
    <ClInclude Include="Scheme\SchemeHandlerFactory.h">
      <Filter>Scheme</Filter>
    </ClInclude>
    <ClInclude Include="Common\json.hpp" />
    <ClInclude Include="resource.h" />
    <ClInclude Include="Renderer\V8Handler.h" />
    <ClInclude Include="Browser\MsgHandler\Window.h" />
    <ClInclude Include="Browser\MsgHandler\Dialog.h" />
    <ClInclude Include="Common\Config.h" />
    <ClInclude Include="Browser\MsgHandler\DialogCallback.h" />
    <ClInclude Include="Renderer\MsgHandler\DialogR.h" />
  </ItemGroup>
  <ItemGroup>
    <ResourceCompile Include="HorseJs.rc" />
  </ItemGroup>
  <ItemGroup>
    <CopyFileToFolders Include="Resource\horse.config.json" />
    <CopyFileToFolders Include="app\index.html" />
    <CopyFileToFolders Include="app\index.js" />
    <CopyFileToFolders Include="app\icon\iconfont.css" />
    <CopyFileToFolders Include="app\icon\iconfont.ttf" />
    <CopyFileToFolders Include="app\icon\iconfont.woff" />
    <CopyFileToFolders Include="app\icon\iconfont.woff2" />
    <CopyFileToFolders Include="Resource\icon1.png" />
    <CopyFileToFolders Include="Resource\icon2.png" />
    <CopyFileToFolders Include="extension\extension.js" />
  </ItemGroup>
</Project>