<?xml version="1.0" encoding="utf-8"?>
<Project ToolsVersion="4.0" xmlns="http://schemas.microsoft.com/developer/msbuild/2003">
  <ItemGroup>
    <Filter Include="源文件">
      <UniqueIdentifier>{4FC737F1-C7A5-4376-A066-2A32D752A2FF}</UniqueIdentifier>
      <Extensions>cpp;c;cc;cxx;c++;cppm;ixx;def;odl;idl;hpj;bat;asm;asmx</Extensions>
    </Filter>
    <Filter Include="头文件">
      <UniqueIdentifier>{93995380-89BD-4b04-88EB-625FBE52EBFB}</UniqueIdentifier>
      <Extensions>h;hh;hpp;hxx;h++;hm;inl;inc;ipp;xsd</Extensions>
    </Filter>
    <Filter Include="资源文件">
      <UniqueIdentifier>{67DA6AB6-F800-4c08-8B7A-83BB121AAD01}</UniqueIdentifier>
      <Extensions>rc;ico;cur;bmp;dlg;rc2;rct;bin;rgs;gif;jpg;jpeg;jpe;resx;tiff;tif;png;wav;mfcribbon-ms</Extensions>
    </Filter>
  </ItemGroup>
  <ItemGroup>
    <ClCompile Include="main.cpp">
      <Filter>源文件</Filter>
    </ClCompile>
    <ClCompile Include="Browser\MessageProcessor\PageHandler.cpp">
      <Filter>源文件</Filter>
    </ClCompile>
    <ClCompile Include="Render\V8Handler.cpp">
      <Filter>源文件</Filter>
    </ClCompile>
    <ClCompile Include="Config.cpp">
      <Filter>源文件</Filter>
    </ClCompile>
    <ClCompile Include="Browser\WebSocketClient.cpp">
      <Filter>源文件</Filter>
    </ClCompile>
    <ClCompile Include="Browser\BrowserProcessHandler.cpp">
      <Filter>源文件</Filter>
    </ClCompile>
    <ClCompile Include="Render\RenderProcessHandler.cpp">
      <Filter>源文件</Filter>
    </ClCompile>
    <ClCompile Include="Other\OtherProcessHandler.cpp">
      <Filter>源文件</Filter>
    </ClCompile>
    <ClCompile Include="Browser\MessageProcessor\WindowDelegate.cpp">
      <Filter>源文件</Filter>
    </ClCompile>
    <ClCompile Include="Browser\MessageProcessor\WindowPopupDelegate.cpp">
      <Filter>源文件</Filter>
    </ClCompile>
    <ClCompile Include="Browser\MessageRouter\WindowRouter.cpp">
      <Filter>源文件</Filter>
    </ClCompile>
    <ClCompile Include="Browser\MessageRouter\ViewRouter.cpp">
      <Filter>源文件</Filter>
    </ClCompile>
    <ClCompile Include="Browser\MessageProcessor\ViewDelegate.cpp">
      <Filter>源文件</Filter>
    </ClCompile>
  </ItemGroup>
  <ItemGroup>
    <ClInclude Include="json\json.hpp">
      <Filter>头文件</Filter>
    </ClInclude>
    <ClInclude Include="Config.h">
      <Filter>头文件</Filter>
    </ClInclude>
    <ClInclude Include="Browser\MessageProcessor\PageHandler.h">
      <Filter>头文件</Filter>
    </ClInclude>
    <ClInclude Include="Render\V8Handler.h">
      <Filter>头文件</Filter>
    </ClInclude>
    <ClInclude Include="Browser\WebSocketClient.h">
      <Filter>头文件</Filter>
    </ClInclude>
    <ClInclude Include="Render\ReleaseCallback.h">
      <Filter>头文件</Filter>
    </ClInclude>
    <ClInclude Include="Browser\BrowserProcessHandler.h">
      <Filter>头文件</Filter>
    </ClInclude>
    <ClInclude Include="Render\RenderProcessHandler.h">
      <Filter>头文件</Filter>
    </ClInclude>
    <ClInclude Include="Other\OtherProcessHandler.h">
      <Filter>头文件</Filter>
    </ClInclude>
    <ClInclude Include="Browser\MessageProcessor\WindowDelegate.h">
      <Filter>头文件</Filter>
    </ClInclude>
    <ClInclude Include="Browser\ButtonDelegate.h">
      <Filter>头文件</Filter>
    </ClInclude>
    <ClInclude Include="Browser\MessageProcessor\WindowPopupDelegate.h">
      <Filter>头文件</Filter>
    </ClInclude>
    <ClInclude Include="Browser\MessageRouter\WindowRouter.h">
      <Filter>头文件</Filter>
    </ClInclude>
    <ClInclude Include="Browser\MessageRouter\ViewRouter.h">
      <Filter>头文件</Filter>
    </ClInclude>
    <ClInclude Include="Browser\MessageProcessor\ViewDelegate.h">
      <Filter>头文件</Filter>
    </ClInclude>
  </ItemGroup>
</Project>